
Microsoft Visual Studio Solution File, Format Version 12.00
# Visual Studio Version 17
VisualStudioVersion = 17.14.36221.1 d17.14
MinimumVisualStudioVersion = 10.0.40219.1
Project("{FAE04EC0-301F-11D3-BF4B-00C04F79EFBC}") = "Progra2Project", "Progra2Project\Progra2Project.csproj", "{1F5FFA00-48DA-4A41-91A0-E3A8865C6DEC}"
EndProject
Global
	GlobalSection(SolutionConfigurationPlatforms) = preSolution
		Debug|Any CPU = Debug|Any CPU
		Release|Any CPU = Release|Any CPU
	EndGlobalSection
	GlobalSection(ProjectConfigurationPlatforms) = postSolution
		{1F5FFA00-48DA-4A41-91A0-E3A8865C6DEC}.Debug|Any CPU.ActiveCfg = Debug|Any CPU
		{1F5FFA00-48DA-4A41-91A0-E3A8865C6DEC}.Debug|Any CPU.Build.0 = Debug|Any CPU
		{1F5FFA00-48DA-4A41-91A0-E3A8865C6DEC}.Release|Any CPU.ActiveCfg = Release|Any CPU
		{1F5FFA00-48DA-4A41-91A0-E3A8865C6DEC}.Release|Any CPU.Build.0 = Release|Any CPU
	EndGlobalSection
	GlobalSection(SolutionProperties) = preSolution
		HideSolutionNode = FALSE
	EndGlobalSection
	GlobalSection(ExtensibilityGlobals) = postSolution
		SolutionGuid = {09675BDC-D362-4399-96CB-B3C16386841F}
	EndGlobalSection
EndGlobal
